// !$*UTF8*$!
{
	archiveVersion = 1;
	classes = {
	};
	objectVersion = 50;
	objects = {

/* Begin PBXBuildFile section */
		AE7147A0248569550016A459 /* Bitboard.framework in Frameworks */ = {isa = PBXBuildFile; fileRef = AE714796248569550016A459 /* Bitboard.framework */; };
		AE7147A5248569550016A459 /* BitboardTests.swift in Sources */ = {isa = PBXBuildFile; fileRef = AE7147A4248569550016A459 /* BitboardTests.swift */; };
		AE7147A7248569550016A459 /* Bitboard.h in Headers */ = {isa = PBXBuildFile; fileRef = AE714799248569550016A459 /* Bitboard.h */; settings = {ATTRIBUTES = (Public, ); }; };
		AE7147B1248569630016A459 /* Bitboard.swift in Sources */ = {isa = PBXBuildFile; fileRef = AE7147B0248569630016A459 /* Bitboard.swift */; };
		AE7147B32485696C0016A459 /* Bitboard+FEN.swift in Sources */ = {isa = PBXBuildFile; fileRef = AE7147B22485696C0016A459 /* Bitboard+FEN.swift */; };
		AE7147B4248569800016A459 /* Bitboard.swift in Sources */ = {isa = PBXBuildFile; fileRef = AE7147B0248569630016A459 /* Bitboard.swift */; };
		AE7147B5248569820016A459 /* Bitboard+FEN.swift in Sources */ = {isa = PBXBuildFile; fileRef = AE7147B22485696C0016A459 /* Bitboard+FEN.swift */; };
/* End PBXBuildFile section */

/* Begin PBXContainerItemProxy section */
		AE7147A1248569550016A459 /* PBXContainerItemProxy */ = {
			isa = PBXContainerItemProxy;
			containerPortal = AE71478D248569550016A459 /* Project object */;
			proxyType = 1;
			remoteGlobalIDString = AE714795248569550016A459;
			remoteInfo = Bitboard;
		};
/* End PBXContainerItemProxy section */

/* Begin PBXFileReference section */
		AE714796248569550016A459 /* Bitboard.framework */ = {isa = PBXFileReference; explicitFileType = wrapper.framework; includeInIndex = 0; path = Bitboard.framework; sourceTree = BUILT_PRODUCTS_DIR; };
		AE714799248569550016A459 /* Bitboard.h */ = {isa = PBXFileReference; lastKnownFileType = sourcecode.c.h; path = Bitboard.h; sourceTree = "<group>"; };
		AE71479A248569550016A459 /* Info.plist */ = {isa = PBXFileReference; lastKnownFileType = text.plist.xml; path = Info.plist; sourceTree = "<group>"; };
		AE71479F248569550016A459 /* BitboardTests.xctest */ = {isa = PBXFileReference; explicitFileType = wrapper.cfbundle; includeInIndex = 0; path = BitboardTests.xctest; sourceTree = BUILT_PRODUCTS_DIR; };
		AE7147A4248569550016A459 /* BitboardTests.swift */ = {isa = PBXFileReference; lastKnownFileType = sourcecode.swift; path = BitboardTests.swift; sourceTree = "<group>"; };
		AE7147A6248569550016A459 /* Info.plist */ = {isa = PBXFileReference; lastKnownFileType = text.plist.xml; path = Info.plist; sourceTree = "<group>"; };
		AE7147B0248569630016A459 /* Bitboard.swift */ = {isa = PBXFileReference; fileEncoding = 4; lastKnownFileType = sourcecode.swift; path = Bitboard.swift; sourceTree = "<group>"; };
		AE7147B22485696C0016A459 /* Bitboard+FEN.swift */ = {isa = PBXFileReference; fileEncoding = 4; lastKnownFileType = sourcecode.swift; path = "Bitboard+FEN.swift"; sourceTree = "<group>"; };
/* End PBXFileReference section */

/* Begin PBXFrameworksBuildPhase section */
		AE714793248569550016A459 /* Frameworks */ = {
			isa = PBXFrameworksBuildPhase;
			buildActionMask = 2147483647;
			files = (
			);
			runOnlyForDeploymentPostprocessing = 0;
		};
		AE71479C248569550016A459 /* Frameworks */ = {
			isa = PBXFrameworksBuildPhase;
			buildActionMask = 2147483647;
			files = (
				AE7147A0248569550016A459 /* Bitboard.framework in Frameworks */,
			);
			runOnlyForDeploymentPostprocessing = 0;
		};
/* End PBXFrameworksBuildPhase section */

/* Begin PBXGroup section */
		AE71478C248569550016A459 = {
			isa = PBXGroup;
			children = (
				AE714798248569550016A459 /* Bitboard */,
				AE7147A3248569550016A459 /* BitboardTests */,
				AE714797248569550016A459 /* Products */,
			);
			sourceTree = "<group>";
		};
		AE714797248569550016A459 /* Products */ = {
			isa = PBXGroup;
			children = (
				AE714796248569550016A459 /* Bitboard.framework */,
				AE71479F248569550016A459 /* BitboardTests.xctest */,
			);
			name = Products;
			sourceTree = "<group>";
		};
		AE714798248569550016A459 /* Bitboard */ = {
			isa = PBXGroup;
			children = (
				AE714799248569550016A459 /* Bitboard.h */,
				AE71479A248569550016A459 /* Info.plist */,
				AE7147B0248569630016A459 /* Bitboard.swift */,
				AE7147B22485696C0016A459 /* Bitboard+FEN.swift */,
			);
			path = Bitboard;
			sourceTree = "<group>";
		};
		AE7147A3248569550016A459 /* BitboardTests */ = {
			isa = PBXGroup;
			children = (
				AE7147A4248569550016A459 /* BitboardTests.swift */,
				AE7147A6248569550016A459 /* Info.plist */,
			);
			path = BitboardTests;
			sourceTree = "<group>";
		};
/* End PBXGroup section */

/* Begin PBXHeadersBuildPhase section */
		AE714791248569550016A459 /* Headers */ = {
			isa = PBXHeadersBuildPhase;
			buildActionMask = 2147483647;
			files = (
				AE7147A7248569550016A459 /* Bitboard.h in Headers */,
			);
			runOnlyForDeploymentPostprocessing = 0;
		};
/* End PBXHeadersBuildPhase section */

/* Begin PBXNativeTarget section */
		AE714795248569550016A459 /* Bitboard */ = {
			isa = PBXNativeTarget;
			buildConfigurationList = AE7147AA248569550016A459 /* Build configuration list for PBXNativeTarget "Bitboard" */;
			buildPhases = (
				AE714791248569550016A459 /* Headers */,
				AE714792248569550016A459 /* Sources */,
				AE714793248569550016A459 /* Frameworks */,
				AE714794248569550016A459 /* Resources */,
			);
			buildRules = (
			);
			dependencies = (
			);
			name = Bitboard;
			productName = Bitboard;
			productReference = AE714796248569550016A459 /* Bitboard.framework */;
			productType = "com.apple.product-type.framework";
		};
		AE71479E248569550016A459 /* BitboardTests */ = {
			isa = PBXNativeTarget;
			buildConfigurationList = AE7147AD248569550016A459 /* Build configuration list for PBXNativeTarget "BitboardTests" */;
			buildPhases = (
				AE71479B248569550016A459 /* Sources */,
				AE71479C248569550016A459 /* Frameworks */,
				AE71479D248569550016A459 /* Resources */,
			);
			buildRules = (
			);
			dependencies = (
				AE7147A2248569550016A459 /* PBXTargetDependency */,
			);
			name = BitboardTests;
			productName = BitboardTests;
			productReference = AE71479F248569550016A459 /* BitboardTests.xctest */;
			productType = "com.apple.product-type.bundle.unit-test";
		};
/* End PBXNativeTarget section */

/* Begin PBXProject section */
		AE71478D248569550016A459 /* Project object */ = {
			isa = PBXProject;
			attributes = {
				LastSwiftUpdateCheck = 1130;
				LastUpgradeCheck = 1130;
				ORGANIZATIONNAME = com.gulya.boiko;
				TargetAttributes = {
					AE714795248569550016A459 = {
						CreatedOnToolsVersion = 11.3;
						LastSwiftMigration = 1130;
					};
					AE71479E248569550016A459 = {
						CreatedOnToolsVersion = 11.3;
					};
				};
			};
			buildConfigurationList = AE714790248569550016A459 /* Build configuration list for PBXProject "Bitboard" */;
			compatibilityVersion = "Xcode 9.3";
			developmentRegion = en;
			hasScannedForEncodings = 0;
			knownRegions = (
				en,
				Base,
			);
			mainGroup = AE71478C248569550016A459;
			productRefGroup = AE714797248569550016A459 /* Products */;
			projectDirPath = "";
			projectRoot = "";
			targets = (
				AE714795248569550016A459 /* Bitboard */,
				AE71479E248569550016A459 /* BitboardTests */,
			);
		};
/* End PBXProject section */

/* Begin PBXResourcesBuildPhase section */
		AE714794248569550016A459 /* Resources */ = {
			isa = PBXResourcesBuildPhase;
			buildActionMask = 2147483647;
			files = (
			);
			runOnlyForDeploymentPostprocessing = 0;
		};
		AE71479D248569550016A459 /* Resources */ = {
			isa = PBXResourcesBuildPhase;
			buildActionMask = 2147483647;
			files = (
			);
			runOnlyForDeploymentPostprocessing = 0;
		};
/* End PBXResourcesBuildPhase section */

/* Begin PBXSourcesBuildPhase section */
		AE714792248569550016A459 /* Sources */ = {
			isa = PBXSourcesBuildPhase;
			buildActionMask = 2147483647;
			files = (
				AE7147B32485696C0016A459 /* Bitboard+FEN.swift in Sources */,
				AE7147B1248569630016A459 /* Bitboard.swift in Sources */,
			);
			runOnlyForDeploymentPostprocessing = 0;
		};
		AE71479B248569550016A459 /* Sources */ = {
			isa = PBXSourcesBuildPhase;
			buildActionMask = 2147483647;
			files = (
				AE7147B5248569820016A459 /* Bitboard+FEN.swift in Sources */,
				AE7147B4248569800016A459 /* Bitboard.swift in Sources */,
				AE7147A5248569550016A459 /* BitboardTests.swift in Sources */,
			);
			runOnlyForDeploymentPostprocessing = 0;
		};
/* End PBXSourcesBuildPhase section */

/* Begin PBXTargetDependency section */
		AE7147A2248569550016A459 /* PBXTargetDependency */ = {
			isa = PBXTargetDependency;
			target = AE714795248569550016A459 /* Bitboard */;
			targetProxy = AE7147A1248569550016A459 /* PBXContainerItemProxy */;
		};
/* End PBXTargetDependency section */

/* Begin XCBuildConfiguration section */
		AE7147A8248569550016A459 /* Debug */ = {
			isa = XCBuildConfiguration;
			buildSettings = {
				ALWAYS_SEARCH_USER_PATHS = NO;
				CLANG_ANALYZER_NONNULL = YES;
				CLANG_ANALYZER_NUMBER_OBJECT_CONVERSION = YES_AGGRESSIVE;
				CLANG_CXX_LANGUAGE_STANDARD = "gnu++14";
				CLANG_CXX_LIBRARY = "libc++";
				CLANG_ENABLE_MODULES = YES;
				CLANG_ENABLE_OBJC_ARC = YES;
				CLANG_ENABLE_OBJC_WEAK = YES;
				CLANG_WARN_BLOCK_CAPTURE_AUTORELEASING = YES;
				CLANG_WARN_BOOL_CONVERSION = YES;
				CLANG_WARN_COMMA = YES;
				CLANG_WARN_CONSTANT_CONVERSION = YES;
				CLANG_WARN_DEPRECATED_OBJC_IMPLEMENTATIONS = YES;
				CLANG_WARN_DIRECT_OBJC_ISA_USAGE = YES_ERROR;
				CLANG_WARN_DOCUMENTATION_COMMENTS = YES;
				CLANG_WARN_EMPTY_BODY = YES;
				CLANG_WARN_ENUM_CONVERSION = YES;
				CLANG_WARN_INFINITE_RECURSION = YES;
				CLANG_WARN_INT_CONVERSION = YES;
				CLANG_WARN_NON_LITERAL_NULL_CONVERSION = YES;
				CLANG_WARN_OBJC_IMPLICIT_RETAIN_SELF = YES;
				CLANG_WARN_OBJC_LITERAL_CONVERSION = YES;
				CLANG_WARN_OBJC_ROOT_CLASS = YES_ERROR;
				CLANG_WARN_RANGE_LOOP_ANALYSIS = YES;
				CLANG_WARN_STRICT_PROTOTYPES = YES;
				CLANG_WARN_SUSPICIOUS_MOVE = YES;
				CLANG_WARN_UNGUARDED_AVAILABILITY = YES_AGGRESSIVE;
				CLANG_WARN_UNREACHABLE_CODE = YES;
				CLANG_WARN__DUPLICATE_METHOD_MATCH = YES;
				COPY_PHASE_STRIP = NO;
				CURRENT_PROJECT_VERSION = 1;
				DEBUG_INFORMATION_FORMAT = dwarf;
				ENABLE_STRICT_OBJC_MSGSEND = YES;
				ENABLE_TESTABILITY = YES;
				GCC_C_LANGUAGE_STANDARD = gnu11;
				GCC_DYNAMIC_NO_PIC = NO;
				GCC_NO_COMMON_BLOCKS = YES;
				GCC_OPTIMIZATION_LEVEL = 0;
				GCC_PREPROCESSOR_DEFINITIONS = (
					"DEBUG=1",
					"$(inherited)",
				);
				GCC_WARN_64_TO_32_BIT_CONVERSION = YES;
				GCC_WARN_ABOUT_RETURN_TYPE = YES_ERROR;
				GCC_WARN_UNDECLARED_SELECTOR = YES;
				GCC_WARN_UNINITIALIZED_AUTOS = YES_AGGRESSIVE;
				GCC_WARN_UNUSED_FUNCTION = YES;
				GCC_WARN_UNUSED_VARIABLE = YES;
				IPHONEOS_DEPLOYMENT_TARGET = 13.2;
				MTL_ENABLE_DEBUG_INFO = INCLUDE_SOURCE;
				MTL_FAST_MATH = YES;
				ONLY_ACTIVE_ARCH = YES;
				SDKROOT = iphoneos;
				SWIFT_ACTIVE_COMPILATION_CONDITIONS = DEBUG;
				SWIFT_OPTIMIZATION_LEVEL = "-Onone";
				VERSIONING_SYSTEM = "apple-generic";
				VERSION_INFO_PREFIX = "";
			};
			name = Debug;
		};
		AE7147A9248569550016A459 /* Release */ = {
			isa = XCBuildConfiguration;
			buildSettings = {
				ALWAYS_SEARCH_USER_PATHS = NO;
				CLANG_ANALYZER_NONNULL = YES;
				CLANG_ANALYZER_NUMBER_OBJECT_CONVERSION = YES_AGGRESSIVE;
				CLANG_CXX_LANGUAGE_STANDARD = "gnu++14";
				CLANG_CXX_LIBRARY = "libc++";
				CLANG_ENABLE_MODULES = YES;
				CLANG_ENABLE_OBJC_ARC = YES;
				CLANG_ENABLE_OBJC_WEAK = YES;
				CLANG_WARN_BLOCK_CAPTURE_AUTORELEASING = YES;
				CLANG_WARN_BOOL_CONVERSION = YES;
				CLANG_WARN_COMMA = YES;
				CLANG_WARN_CONSTANT_CONVERSION = YES;
				CLANG_WARN_DEPRECATED_OBJC_IMPLEMENTATIONS = YES;
				CLANG_WARN_DIRECT_OBJC_ISA_USAGE = YES_ERROR;
				CLANG_WARN_DOCUMENTATION_COMMENTS = YES;
				CLANG_WARN_EMPTY_BODY = YES;
				CLANG_WARN_ENUM_CONVERSION = YES;
				CLANG_WARN_INFINITE_RECURSION = YES;
				CLANG_WARN_INT_CONVERSION = YES;
				CLANG_WARN_NON_LITERAL_NULL_CONVERSION = YES;
				CLANG_WARN_OBJC_IMPLICIT_RETAIN_SELF = YES;
				CLANG_WARN_OBJC_LITERAL_CONVERSION = YES;
				CLANG_WARN_OBJC_ROOT_CLASS = YES_ERROR;
				CLANG_WARN_RANGE_LOOP_ANALYSIS = YES;
				CLANG_WARN_STRICT_PROTOTYPES = YES;
				CLANG_WARN_SUSPICIOUS_MOVE = YES;
				CLANG_WARN_UNGUARDED_AVAILABILITY = YES_AGGRESSIVE;
				CLANG_WARN_UNREACHABLE_CODE = YES;
				CLANG_WARN__DUPLICATE_METHOD_MATCH = YES;
				COPY_PHASE_STRIP = NO;
				CURRENT_PROJECT_VERSION = 1;
				DEBUG_INFORMATION_FORMAT = "dwarf-with-dsym";
				ENABLE_NS_ASSERTIONS = NO;
				ENABLE_STRICT_OBJC_MSGSEND = YES;
				GCC_C_LANGUAGE_STANDARD = gnu11;
				GCC_NO_COMMON_BLOCKS = YES;
				GCC_WARN_64_TO_32_BIT_CONVERSION = YES;
				GCC_WARN_ABOUT_RETURN_TYPE = YES_ERROR;
				GCC_WARN_UNDECLARED_SELECTOR = YES;
				GCC_WARN_UNINITIALIZED_AUTOS = YES_AGGRESSIVE;
				GCC_WARN_UNUSED_FUNCTION = YES;
				GCC_WARN_UNUSED_VARIABLE = YES;
				IPHONEOS_DEPLOYMENT_TARGET = 13.2;
				MTL_ENABLE_DEBUG_INFO = NO;
				MTL_FAST_MATH = YES;
				SDKROOT = iphoneos;
				SWIFT_COMPILATION_MODE = wholemodule;
				SWIFT_OPTIMIZATION_LEVEL = "-O";
				VALIDATE_PRODUCT = YES;
				VERSIONING_SYSTEM = "apple-generic";
				VERSION_INFO_PREFIX = "";
			};
			name = Release;
		};
		AE7147AB248569550016A459 /* Debug */ = {
			isa = XCBuildConfiguration;
			buildSettings = {
				CLANG_ENABLE_MODULES = YES;
				CODE_SIGN_STYLE = Automatic;
				DEFINES_MODULE = YES;
				DEVELOPMENT_TEAM = UBR9UU276M;
				DYLIB_COMPATIBILITY_VERSION = 1;
				DYLIB_CURRENT_VERSION = 1;
				DYLIB_INSTALL_NAME_BASE = "@rpath";
				INFOPLIST_FILE = Bitboard/Info.plist;
				INSTALL_PATH = "$(LOCAL_LIBRARY_DIR)/Frameworks";
				LD_RUNPATH_SEARCH_PATHS = (
					"$(inherited)",
					"@executable_path/Frameworks",
					"@loader_path/Frameworks",
				);
				PRODUCT_BUNDLE_IDENTIFIER = com.gulya.boiko.Bitboard;
				PRODUCT_NAME = "$(TARGET_NAME:c99extidentifier)";
				SKIP_INSTALL = YES;
				SWIFT_OPTIMIZATION_LEVEL = "-Onone";
				SWIFT_VERSION = 5.0;
				TARGETED_DEVICE_FAMILY = "1,2";
			};
			name = Debug;
		};
		AE7147AC248569550016A459 /* Release */ = {
			isa = XCBuildConfiguration;
			buildSettings = {
				CLANG_ENABLE_MODULES = YES;
				CODE_SIGN_STYLE = Automatic;
				DEFINES_MODULE = YES;
				DEVELOPMENT_TEAM = UBR9UU276M;
				DYLIB_COMPATIBILITY_VERSION = 1;
				DYLIB_CURRENT_VERSION = 1;
				DYLIB_INSTALL_NAME_BASE = "@rpath";
				INFOPLIST_FILE = Bitboard/Info.plist;
				INSTALL_PATH = "$(LOCAL_LIBRARY_DIR)/Frameworks";
				LD_RUNPATH_SEARCH_PATHS = (
					"$(inherited)",
					"@executable_path/Frameworks",
					"@loader_path/Frameworks",
				);
				PRODUCT_BUNDLE_IDENTIFIER = com.gulya.boiko.Bitboard;
				PRODUCT_NAME = "$(TARGET_NAME:c99extidentifier)";
				SKIP_INSTALL = YES;
				SWIFT_VERSION = 5.0;
				TARGETED_DEVICE_FAMILY = "1,2";
			};
			name = Release;
		};
		AE7147AE248569550016A459 /* Debug */ = {
			isa = XCBuildConfiguration;
			buildSettings = {
				ALWAYS_EMBED_SWIFT_STANDARD_LIBRARIES = YES;
				CODE_SIGN_STYLE = Automatic;
				DEVELOPMENT_TEAM = UBR9UU276M;
				INFOPLIST_FILE = BitboardTests/Info.plist;
				LD_RUNPATH_SEARCH_PATHS = (
					"$(inherited)",
					"@executable_path/Frameworks",
					"@loader_path/Frameworks",
				);
				PRODUCT_BUNDLE_IDENTIFIER = com.gulya.boiko.BitboardTests;
				PRODUCT_NAME = "$(TARGET_NAME)";
				SWIFT_VERSION = 5.0;
				TARGETED_DEVICE_FAMILY = "1,2";
			};
			name = Debug;
		};
		AE7147AF248569550016A459 /* Release */ = {
			isa = XCBuildConfiguration;
			buildSettings = {
				ALWAYS_EMBED_SWIFT_STANDARD_LIBRARIES = YES;
				CODE_SIGN_STYLE = Automatic;
				DEVELOPMENT_TEAM = UBR9UU276M;
				INFOPLIST_FILE = BitboardTests/Info.plist;
				LD_RUNPATH_SEARCH_PATHS = (
					"$(inherited)",
					"@executable_path/Frameworks",
					"@loader_path/Frameworks",
				);
				PRODUCT_BUNDLE_IDENTIFIER = com.gulya.boiko.BitboardTests;
				PRODUCT_NAME = "$(TARGET_NAME)";
				SWIFT_VERSION = 5.0;
				TARGETED_DEVICE_FAMILY = "1,2";
			};
			name = Release;
		};
/* End XCBuildConfiguration section */

/* Begin XCConfigurationList section */
		AE714790248569550016A459 /* Build configuration list for PBXProject "Bitboard" */ = {
			isa = XCConfigurationList;
			buildConfigurations = (
				AE7147A8248569550016A459 /* Debug */,
				AE7147A9248569550016A459 /* Release */,
			);
			defaultConfigurationIsVisible = 0;
			defaultConfigurationName = Release;
		};
		AE7147AA248569550016A459 /* Build configuration list for PBXNativeTarget "Bitboard" */ = {
			isa = XCConfigurationList;
			buildConfigurations = (
				AE7147AB248569550016A459 /* Debug */,
				AE7147AC248569550016A459 /* Release */,
			);
			defaultConfigurationIsVisible = 0;
			defaultConfigurationName = Release;
		};
		AE7147AD248569550016A459 /* Build configuration list for PBXNativeTarget "BitboardTests" */ = {
			isa = XCConfigurationList;
			buildConfigurations = (
				AE7147AE248569550016A459 /* Debug */,
				AE7147AF248569550016A459 /* Release */,
			);
			defaultConfigurationIsVisible = 0;
			defaultConfigurationName = Release;
		};
/* End XCConfigurationList section */
	};
	rootObject = AE71478D248569550016A459 /* Project object */;
}
